
Microsoft Visual Studio Solution File, Format Version 12.00
# Visual Studio Version 17
VisualStudioVersion = 17.12.35527.113 d17.12
MinimumVisualStudioVersion = 10.0.40219.1
Project("{FAE04EC0-301F-11D3-BF4B-00C04F79EFBC}") = "Cache", "Cache\Cache.csproj", "{58274E18-0E88-4505-B831-8A3A7BC9E9E3}"
EndProject
Project("{FAE04EC0-301F-11D3-BF4B-00C04F79EFBC}") = "Cache.Test", "Cache.Test\Cache.Test.csproj", "{7DB93D5A-E33C-486E-98CD-A6AAF6CB5A7B}"
EndProject
Global
	GlobalSection(SolutionConfigurationPlatforms) = preSolution
		Debug|Any CPU = Debug|Any CPU
		Release|Any CPU = Release|Any CPU
	EndGlobalSection
	GlobalSection(ProjectConfigurationPlatforms) = postSolution
		{58274E18-0E88-4505-B831-8A3A7BC9E9E3}.Debug|Any CPU.ActiveCfg = Debug|Any CPU
		{58274E18-0E88-4505-B831-8A3A7BC9E9E3}.Debug|Any CPU.Build.0 = Debug|Any CPU
		{58274E18-0E88-4505-B831-8A3A7BC9E9E3}.Release|Any CPU.ActiveCfg = Release|Any CPU
		{58274E18-0E88-4505-B831-8A3A7BC9E9E3}.Release|Any CPU.Build.0 = Release|Any CPU
		{7DB93D5A-E33C-486E-98CD-A6AAF6CB5A7B}.Debug|Any CPU.ActiveCfg = Debug|Any CPU
		{7DB93D5A-E33C-486E-98CD-A6AAF6CB5A7B}.Debug|Any CPU.Build.0 = Debug|Any CPU
		{7DB93D5A-E33C-486E-98CD-A6AAF6CB5A7B}.Release|Any CPU.ActiveCfg = Release|Any CPU
		{7DB93D5A-E33C-486E-98CD-A6AAF6CB5A7B}.Release|Any CPU.Build.0 = Release|Any CPU
	EndGlobalSection
	GlobalSection(SolutionProperties) = preSolution
		HideSolutionNode = FALSE
	EndGlobalSection
EndGlobal
